<?xml version="1.0" encoding="utf-8"?>
<Project ToolsVersion="4.0" xmlns="http://schemas.microsoft.com/developer/msbuild/2003">
  <ItemGroup>
    <Filter Include="Core">
      <UniqueIdentifier>{ce4947a8-fb09-4065-a930-9eabca9289fa}</UniqueIdentifier>
    </Filter>
    <Filter Include="Concurrency">
      <UniqueIdentifier>{ed616cb6-4773-4525-aaba-e6ff796d2648}</UniqueIdentifier>
    </Filter>
    <Filter Include="Sequence">
      <UniqueIdentifier>{ffcc1a84-952c-473d-a813-03d87a65025f}</UniqueIdentifier>
    </Filter>
  </ItemGroup>
  <ItemGroup>
    <ClCompile Include="test.cpp" />
    <ClCompile Include="..\Source\Core\Logger.cpp">
      <Filter>Core</Filter>
    </ClCompile>
    <ClCompile Include="..\Source\Concurrency\TaskQueue.cpp">
      <Filter>Concurrency</Filter>
    </ClCompile>
    <ClCompile Include="..\Source\Concurrency\Timer.cpp">
      <Filter>Concurrency</Filter>
    </ClCompile>
  </ItemGroup>
  <ItemGroup>
    <ClInclude Include="..\Source\Core\Common.hpp">
      <Filter>Core</Filter>
    </ClInclude>
    <ClInclude Include="..\Source\Core\Logger.h">
      <Filter>Core</Filter>
    </ClInclude>
    <ClInclude Include="..\Source\Concurrency\Condition.hpp">
      <Filter>Concurrency</Filter>
    </ClInclude>
    <ClInclude Include="..\Source\Concurrency\DoubleQueue.hpp">
      <Filter>Concurrency</Filter>
    </ClInclude>
    <ClInclude Include="..\Source\Concurrency\SpinAdapter.hpp">
      <Filter>Concurrency</Filter>
    </ClInclude>
    <ClInclude Include="..\Source\Concurrency\TaskManager.h">
      <Filter>Concurrency</Filter>
    </ClInclude>
    <ClInclude Include="..\Source\Concurrency\TaskPool.hpp">
      <Filter>Concurrency</Filter>
    </ClInclude>
    <ClInclude Include="..\Source\Concurrency\TaskQueue.h">
      <Filter>Concurrency</Filter>
    </ClInclude>
    <ClInclude Include="..\Source\Concurrency\Thread.hpp">
      <Filter>Concurrency</Filter>
    </ClInclude>
    <ClInclude Include="..\Source\Concurrency\ThreadPool.hpp">
      <Filter>Concurrency</Filter>
    </ClInclude>
    <ClInclude Include="..\Source\Concurrency\Timer.h">
      <Filter>Concurrency</Filter>
    </ClInclude>
    <ClInclude Include="..\Source\Sequence\Sorter.hpp">
      <Filter>Sequence</Filter>
    </ClInclude>
    <ClInclude Include="..\Source\Sequence\TimeoutQueue.hpp">
      <Filter>Sequence</Filter>
    </ClInclude>
  </ItemGroup>
</Project>