<?xml version="1.0" encoding="utf-8"?>
<Project ToolsVersion="4.0" xmlns="http://schemas.microsoft.com/developer/msbuild/2003">
  <ItemGroup>
    <Filter Include="头文件">
      <UniqueIdentifier>{ce4947a8-fb09-4065-a930-9eabca9289fa}</UniqueIdentifier>
    </Filter>
    <Filter Include="源文件">
      <UniqueIdentifier>{ffcc1a84-952c-473d-a813-03d87a65025f}</UniqueIdentifier>
    </Filter>
    <Filter Include="资源文件">
      <UniqueIdentifier>{ed616cb6-4773-4525-aaba-e6ff796d2648}</UniqueIdentifier>
    </Filter>
  </ItemGroup>
  <ItemGroup>
    <ClInclude Include="..\Source\Common.hpp">
      <Filter>头文件</Filter>
    </ClInclude>
    <ClInclude Include="..\Source\Condition.hpp">
      <Filter>头文件</Filter>
    </ClInclude>
    <ClInclude Include="..\Source\DoubleQueue.hpp">
      <Filter>头文件</Filter>
    </ClInclude>
    <ClInclude Include="..\Source\Thread.h">
      <Filter>头文件</Filter>
    </ClInclude>
    <ClInclude Include="..\Source\ThreadPool.h">
      <Filter>头文件</Filter>
    </ClInclude>
  </ItemGroup>
  <ItemGroup>
    <ClCompile Include="..\Source\Thread.cpp">
      <Filter>源文件</Filter>
    </ClCompile>
    <ClCompile Include="..\Source\ThreadPool.cpp">
      <Filter>源文件</Filter>
    </ClCompile>
    <ClCompile Include="test.cpp">
      <Filter>源文件</Filter>
    </ClCompile>
  </ItemGroup>
</Project>